
Microsoft Visual Studio Solution File, Format Version 12.00
# Visual Studio Version 17
VisualStudioVersion = 17.8.34330.188
MinimumVisualStudioVersion = 10.0.40219.1
Project("{FAE04EC0-301F-11D3-BF4B-00C04F79EFBC}") = "WorldAPI", "WorldAPI\WorldAPI.csproj", "{8992453E-9AC9-4367-B8FC-8AB54A0BEF1A}"
EndProject
Global
	GlobalSection(SolutionConfigurationPlatforms) = preSolution
		Debug|Any CPU = Debug|Any CPU
		Release|Any CPU = Release|Any CPU
	EndGlobalSection
	GlobalSection(ProjectConfigurationPlatforms) = postSolution
		{8992453E-9AC9-4367-B8FC-8AB54A0BEF1A}.Debug|Any CPU.ActiveCfg = Debug|Any CPU
		{8992453E-9AC9-4367-B8FC-8AB54A0BEF1A}.Debug|Any CPU.Build.0 = Debug|Any CPU
		{8992453E-9AC9-4367-B8FC-8AB54A0BEF1A}.Release|Any CPU.ActiveCfg = Release|Any CPU
		{8992453E-9AC9-4367-B8FC-8AB54A0BEF1A}.Release|Any CPU.Build.0 = Release|Any CPU
	EndGlobalSection
	GlobalSection(SolutionProperties) = preSolution
		HideSolutionNode = FALSE
	EndGlobalSection
	GlobalSection(ExtensibilityGlobals) = postSolution
		SolutionGuid = {1E136A31-E5F1-4684-9427-7022AAF28579}
	EndGlobalSection
EndGlobal
